
Microsoft Visual Studio Solution File, Format Version 12.00
# Visual Studio Version 17
VisualStudioVersion = 17.11.35303.130
MinimumVisualStudioVersion = 10.0.40219.1
Project("{FAE04EC0-301F-11D3-BF4B-00C04F79EFBC}") = "HW14CLR", "HW14CLR\HW14CLR.csproj", "{8B8DDE57-3BA5-4A2F-89A4-8AEFC328B1C9}"
EndProject
Global
	GlobalSection(SolutionConfigurationPlatforms) = preSolution
		Debug|Any CPU = Debug|Any CPU
		Release|Any CPU = Release|Any CPU
	EndGlobalSection
	GlobalSection(ProjectConfigurationPlatforms) = postSolution
		{8B8DDE57-3BA5-4A2F-89A4-8AEFC328B1C9}.Debug|Any CPU.ActiveCfg = Debug|Any CPU
		{8B8DDE57-3BA5-4A2F-89A4-8AEFC328B1C9}.Debug|Any CPU.Build.0 = Debug|Any CPU
		{8B8DDE57-3BA5-4A2F-89A4-8AEFC328B1C9}.Release|Any CPU.ActiveCfg = Release|Any CPU
		{8B8DDE57-3BA5-4A2F-89A4-8AEFC328B1C9}.Release|Any CPU.Build.0 = Release|Any CPU
	EndGlobalSection
	GlobalSection(SolutionProperties) = preSolution
		HideSolutionNode = FALSE
	EndGlobalSection
	GlobalSection(ExtensibilityGlobals) = postSolution
		SolutionGuid = {F4FFDC60-659F-408F-90D9-7FB6B5CAEBE0}
	EndGlobalSection
EndGlobal
